
Microsoft Visual Studio Solution File, Format Version 12.00
# Visual Studio Express 2013 for Web
VisualStudioVersion = 12.0.30723.0
MinimumVisualStudioVersion = 10.0.40219.1
Project("{FAE04EC0-301F-11D3-BF4B-00C04F79EFBC}") = "Invoicer.Web", "Invoicer.Web\Invoicer.Web.csproj", "{5CC55A3A-BED1-4411-93E3-4171B349F670}"
EndProject
Project("{2150E333-8FDC-42A3-9474-1A3956D46DE8}") = ".nuget", ".nuget", "{504D64BB-66B1-44D5-A7F0-0AB1A14C9AAB}"
	ProjectSection(SolutionItems) = preProject
		.nuget\NuGet.Config = .nuget\NuGet.Config
		.nuget\NuGet.exe = .nuget\NuGet.exe
		.nuget\NuGet.targets = .nuget\NuGet.targets
	EndProjectSection
EndProject
Project("{FAE04EC0-301F-11D3-BF4B-00C04F79EFBC}") = "Invoicer.Model", "Invoicer.Model\Invoicer.Model.csproj", "{D91EA111-BAB8-41E3-86CB-E87FDCAECB60}"
EndProject
Project("{FAE04EC0-301F-11D3-BF4B-00C04F79EFBC}") = "Invoicer.DataAccess", "Invoicer.DataAccess\Invoicer.DataAccess.csproj", "{57E72B09-3299-4AF9-8A81-5D82C37613D7}"
EndProject
Global
	GlobalSection(SolutionConfigurationPlatforms) = preSolution
		Debug|Any CPU = Debug|Any CPU
		Release|Any CPU = Release|Any CPU
	EndGlobalSection
	GlobalSection(ProjectConfigurationPlatforms) = postSolution
		{5CC55A3A-BED1-4411-93E3-4171B349F670}.Debug|Any CPU.ActiveCfg = Debug|Any CPU
		{5CC55A3A-BED1-4411-93E3-4171B349F670}.Debug|Any CPU.Build.0 = Debug|Any CPU
		{5CC55A3A-BED1-4411-93E3-4171B349F670}.Release|Any CPU.ActiveCfg = Release|Any CPU
		{5CC55A3A-BED1-4411-93E3-4171B349F670}.Release|Any CPU.Build.0 = Release|Any CPU
		{D91EA111-BAB8-41E3-86CB-E87FDCAECB60}.Debug|Any CPU.ActiveCfg = Debug|Any CPU
		{D91EA111-BAB8-41E3-86CB-E87FDCAECB60}.Debug|Any CPU.Build.0 = Debug|Any CPU
		{D91EA111-BAB8-41E3-86CB-E87FDCAECB60}.Release|Any CPU.ActiveCfg = Release|Any CPU
		{D91EA111-BAB8-41E3-86CB-E87FDCAECB60}.Release|Any CPU.Build.0 = Release|Any CPU
		{57E72B09-3299-4AF9-8A81-5D82C37613D7}.Debug|Any CPU.ActiveCfg = Debug|Any CPU
		{57E72B09-3299-4AF9-8A81-5D82C37613D7}.Debug|Any CPU.Build.0 = Debug|Any CPU
		{57E72B09-3299-4AF9-8A81-5D82C37613D7}.Release|Any CPU.ActiveCfg = Release|Any CPU
		{57E72B09-3299-4AF9-8A81-5D82C37613D7}.Release|Any CPU.Build.0 = Release|Any CPU
	EndGlobalSection
	GlobalSection(SolutionProperties) = preSolution
		HideSolutionNode = FALSE
	EndGlobalSection
EndGlobal
